// !$*UTF8*$!
{
	archiveVersion = 1;
	classes = {};
	objectVersion = 77;
	objects = {

		A00000000000000000000100 /* PeppyMobileApp.swift in Sources */ = {isa = PBXBuildFile; fileRef = A00000000000000000000200 /* PeppyMobileApp.swift */; };
		A00000000000000000000128 /* PeppyGlassSurface.swift in Sources */ = {isa = PBXBuildFile; fileRef = A00000000000000000000232 /* PeppyGlassSurface.swift */; };
		A00000000000000000000101 /* AppModel.swift in Sources */ = {isa = PBXBuildFile; fileRef = A00000000000000000000201 /* AppModel.swift */; };
		A00000000000000000000102 /* peppy_mobile_bindings.swift in Sources */ = {isa = PBXBuildFile; fileRef = A00000000000000000000202 /* peppy_mobile_bindings.swift */; };
		A00000000000000000000103 /* ClientError.swift in Sources */ = {isa = PBXBuildFile; fileRef = A00000000000000000000203 /* ClientError.swift */; };
		A00000000000000000000104 /* EnrollmentVerifier.swift in Sources */ = {isa = PBXBuildFile; fileRef = A00000000000000000000204 /* EnrollmentVerifier.swift */; };
		A00000000000000000000105 /* DeviceCredential.swift in Sources */ = {isa = PBXBuildFile; fileRef = A00000000000000000000205 /* DeviceCredential.swift */; };
		A00000000000000000000106 /* EnrollmentStore.swift in Sources */ = {isa = PBXBuildFile; fileRef = A00000000000000000000206 /* EnrollmentStore.swift */; };
		A00000000000000000000107 /* ForegroundSync.swift in Sources */ = {isa = PBXBuildFile; fileRef = A00000000000000000000207 /* ForegroundSync.swift */; };
		A00000000000000000000108 /* HTTPTransport.swift in Sources */ = {isa = PBXBuildFile; fileRef = A00000000000000000000208 /* HTTPTransport.swift */; };
		A00000000000000000000109 /* NativeSession.swift in Sources */ = {isa = PBXBuildFile; fileRef = A00000000000000000000209 /* NativeSession.swift */; };
		A00000000000000000000110 /* SecureStore.swift in Sources */ = {isa = PBXBuildFile; fileRef = A00000000000000000000210 /* SecureStore.swift */; };
		A00000000000000000000111 /* ServerClient.swift in Sources */ = {isa = PBXBuildFile; fileRef = A00000000000000000000211 /* ServerClient.swift */; };
		A00000000000000000000112 /* ServerOrigin.swift in Sources */ = {isa = PBXBuildFile; fileRef = A00000000000000000000212 /* ServerOrigin.swift */; };
		A00000000000000000000113 /* TelephonyEligibility.swift in Sources */ = {isa = PBXBuildFile; fileRef = A00000000000000000000213 /* TelephonyEligibility.swift */; };
		A00000000000000000000114 /* ContactsAdapter.swift in Sources */ = {isa = PBXBuildFile; fileRef = A00000000000000000000214 /* ContactsAdapter.swift */; };
		A00000000000000000000115 /* ContactsBackground.swift in Sources */ = {isa = PBXBuildFile; fileRef = A00000000000000000000215 /* ContactsBackground.swift */; };
		A00000000000000000000117 /* NativeContactsCoordinator.swift in Sources */ = {isa = PBXBuildFile; fileRef = A00000000000000000000217 /* NativeContactsCoordinator.swift */; };
		A00000000000000000000118 /* ContactsSettings.swift in Sources */ = {isa = PBXBuildFile; fileRef = A00000000000000000000218 /* ContactsSettings.swift */; };
		A00000000000000000000119 /* ContactMediaTransfer.swift in Sources */ = {isa = PBXBuildFile; fileRef = A00000000000000000000219 /* ContactMediaTransfer.swift */; };
		A00000000000000000000120 /* ContactPhotoSource.swift in Sources */ = {isa = PBXBuildFile; fileRef = A00000000000000000000220 /* ContactPhotoSource.swift */; };
		A00000000000000000000121 /* PeppyContactsHistory.m in Sources */ = {isa = PBXBuildFile; fileRef = A00000000000000000000221 /* PeppyContactsHistory.m */; };
		A00000000000000000000122 /* PairingView.swift in Sources */ = {isa = PBXBuildFile; fileRef = A00000000000000000000224 /* PairingView.swift */; };
		A00000000000000000000140 /* OwnerPairingView.swift in Sources */ = {isa = PBXBuildFile; fileRef = A00000000000000000000303 /* OwnerPairingView.swift */; };
		A00000000000000000000123 /* QRScannerView.swift in Sources */ = {isa = PBXBuildFile; fileRef = A00000000000000000000225 /* QRScannerView.swift */; };
		A00000000000000000000124 /* PeppyTokens.swift in Sources */ = {isa = PBXBuildFile; fileRef = A00000000000000000000226 /* PeppyTokens.swift */; };
		A00000000000000000000125 /* RelayWakeClient.swift in Sources */ = {isa = PBXBuildFile; fileRef = A00000000000000000000227 /* RelayWakeClient.swift */; };
		A00000000000000000000126 /* PushWakeDelegate.swift in Sources */ = {isa = PBXBuildFile; fileRef = A00000000000000000000228 /* PushWakeDelegate.swift */; };
		A00000000000000000000129 /* BackgroundWakeCancellation.swift in Sources */ = {isa = PBXBuildFile; fileRef = A00000000000000000000233 /* BackgroundWakeCancellation.swift */; };
		A00000000000000000000137 /* HostedEnrollmentView.swift in Sources */ = {isa = PBXBuildFile; fileRef = A00000000000000000000302 /* HostedEnrollmentView.swift */; };
		A00000000000000000000133 /* Assets.xcassets in Resources */ = {isa = PBXBuildFile; fileRef = A00000000000000000000237 /* Assets.xcassets */; };
		A00000000000000000000134 /* GoogleHostedSignIn.swift in Sources */ = {isa = PBXBuildFile; fileRef = A00000000000000000000238 /* GoogleHostedSignIn.swift */; };
		A00000000000000000000135 /* HostedAccountClient.swift in Sources */ = {isa = PBXBuildFile; fileRef = A00000000000000000000239 /* HostedAccountClient.swift */; };
		A00000000000000000000136 /* GoogleSignIn in Frameworks */ = {isa = PBXBuildFile; productRef = A00000000000000000000300 /* GoogleSignIn */; };
		A00000000000000000000127 /* Peppy.xcstrings in Resources */ = {isa = PBXBuildFile; fileRef = A00000000000000000000231 /* Peppy.xcstrings */; };
		A00000000000000000000200 /* PeppyMobileApp.swift */ = {isa = PBXFileReference; lastKnownFileType = sourcecode.swift; path = PeppyMobileApp.swift; sourceTree = "<group>"; };
		A00000000000000000000232 /* PeppyGlassSurface.swift */ = {isa = PBXFileReference; lastKnownFileType = sourcecode.swift; path = Design/PeppyGlassSurface.swift; sourceTree = "<group>"; };
		A00000000000000000000201 /* AppModel.swift */ = {isa = PBXFileReference; lastKnownFileType = sourcecode.swift; path = AppModel.swift; sourceTree = "<group>"; };
		A00000000000000000000214 /* ContactsAdapter.swift */ = {isa = PBXFileReference; lastKnownFileType = sourcecode.swift; path = ContactsAdapter.swift; sourceTree = "<group>"; };
		A00000000000000000000215 /* ContactsBackground.swift */ = {isa = PBXFileReference; lastKnownFileType = sourcecode.swift; path = ContactsBackground.swift; sourceTree = "<group>"; };
		A00000000000000000000216 /* Info.plist */ = {isa = PBXFileReference; lastKnownFileType = text.plist.xml; path = Info.plist; sourceTree = "<group>"; };
		A00000000000000000000217 /* NativeContactsCoordinator.swift */ = {isa = PBXFileReference; lastKnownFileType = sourcecode.swift; path = NativeContactsCoordinator.swift; sourceTree = "<group>"; };
		A00000000000000000000218 /* ContactsSettings.swift */ = {isa = PBXFileReference; lastKnownFileType = sourcecode.swift; path = ContactsSettings.swift; sourceTree = "<group>"; };
		A00000000000000000000219 /* ContactMediaTransfer.swift */ = {isa = PBXFileReference; lastKnownFileType = sourcecode.swift; path = ContactMediaTransfer.swift; sourceTree = "<group>"; };
		A00000000000000000000220 /* ContactPhotoSource.swift */ = {isa = PBXFileReference; lastKnownFileType = sourcecode.swift; path = ContactPhotoSource.swift; sourceTree = "<group>"; };
		A00000000000000000000221 /* PeppyContactsHistory.m */ = {isa = PBXFileReference; lastKnownFileType = sourcecode.c.objc; path = PeppyContactsHistory.m; sourceTree = "<group>"; };
		A00000000000000000000222 /* PeppyContactsHistory.h */ = {isa = PBXFileReference; lastKnownFileType = sourcecode.c.h; path = include/PeppyContactsHistory.h; sourceTree = "<group>"; };
		A00000000000000000000223 /* PeppyMobile-Bridging-Header.h */ = {isa = PBXFileReference; lastKnownFileType = sourcecode.c.h; path = "PeppyMobile-Bridging-Header.h"; sourceTree = "<group>"; };
		A00000000000000000000224 /* PairingView.swift */ = {isa = PBXFileReference; lastKnownFileType = sourcecode.swift; path = PairingView.swift; sourceTree = "<group>"; };
		A00000000000000000000303 /* OwnerPairingView.swift */ = {isa = PBXFileReference; lastKnownFileType = sourcecode.swift; path = OwnerPairingView.swift; sourceTree = "<group>"; };
		A00000000000000000000225 /* QRScannerView.swift */ = {isa = PBXFileReference; lastKnownFileType = sourcecode.swift; path = QRScannerView.swift; sourceTree = "<group>"; };
		A00000000000000000000226 /* PeppyTokens.swift */ = {isa = PBXFileReference; lastKnownFileType = sourcecode.swift; path = Design/PeppyTokens.swift; sourceTree = "<group>"; };
		A00000000000000000000227 /* RelayWakeClient.swift */ = {isa = PBXFileReference; lastKnownFileType = sourcecode.swift; path = RelayWakeClient.swift; sourceTree = "<group>"; };
		A00000000000000000000228 /* PushWakeDelegate.swift */ = {isa = PBXFileReference; lastKnownFileType = sourcecode.swift; path = PushWakeDelegate.swift; sourceTree = "<group>"; };
		A00000000000000000000229 /* PeppyMobile-Debug.entitlements */ = {isa = PBXFileReference; lastKnownFileType = text.plist.entitlements; path = PeppyMobile-Debug.entitlements; sourceTree = "<group>"; };
		A00000000000000000000230 /* PeppyMobile-Release.entitlements */ = {isa = PBXFileReference; lastKnownFileType = text.plist.entitlements; path = PeppyMobile-Release.entitlements; sourceTree = "<group>"; };
		A00000000000000000000233 /* BackgroundWakeCancellation.swift */ = {isa = PBXFileReference; lastKnownFileType = sourcecode.swift; path = BackgroundWakeCancellation.swift; sourceTree = "<group>"; };
		A00000000000000000000237 /* Assets.xcassets */ = {isa = PBXFileReference; lastKnownFileType = folder.assetcatalog; path = Assets.xcassets; sourceTree = "<group>"; };
		A00000000000000000000238 /* GoogleHostedSignIn.swift */ = {isa = PBXFileReference; lastKnownFileType = sourcecode.swift; path = GoogleHostedSignIn.swift; sourceTree = "<group>"; };
		A00000000000000000000239 /* HostedAccountClient.swift */ = {isa = PBXFileReference; lastKnownFileType = sourcecode.swift; path = HostedAccountClient.swift; sourceTree = "<group>"; };
		A00000000000000000000300 /* GoogleSignIn */ = {isa = XCSwiftPackageProductDependency; package = A00000000000000000000301 /* XCRemoteSwiftPackageReference "GoogleSignIn-iOS" */; productName = GoogleSignIn; };
		A00000000000000000000301 /* XCRemoteSwiftPackageReference "GoogleSignIn-iOS" */ = {isa = XCRemoteSwiftPackageReference; repositoryURL = "https://github.com/google/GoogleSignIn-iOS"; requirement = { kind = exactVersion; version = 9.0.0; }; };
		A00000000000000000000302 /* HostedEnrollmentView.swift */ = {isa = PBXFileReference; lastKnownFileType = sourcecode.swift; path = HostedEnrollmentView.swift; sourceTree = "<group>"; };
		A00000000000000000000231 /* Peppy.xcstrings */ = {isa = PBXFileReference; lastKnownFileType = text.json.xcstrings; path = Peppy.xcstrings; sourceTree = "<group>"; };
		A00000000000000000000025 /* ContactsHistory */ = {isa = PBXGroup; children = (A00000000000000000000221 /* PeppyContactsHistory.m */, A00000000000000000000222 /* PeppyContactsHistory.h */); path = ContactsHistory; sourceTree = "<group>"; };
		A00000000000000000000202 /* peppy_mobile_bindings.swift */ = {isa = PBXFileReference; lastKnownFileType = sourcecode.swift; path = peppy_mobile_bindings.swift; sourceTree = "<group>"; };
		A00000000000000000000203 /* ClientError.swift */ = {isa = PBXFileReference; lastKnownFileType = sourcecode.swift; path = ClientError.swift; sourceTree = "<group>"; };
		A00000000000000000000204 /* EnrollmentVerifier.swift */ = {isa = PBXFileReference; lastKnownFileType = sourcecode.swift; path = EnrollmentVerifier.swift; sourceTree = "<group>"; };
		A00000000000000000000205 /* DeviceCredential.swift */ = {isa = PBXFileReference; lastKnownFileType = sourcecode.swift; path = DeviceCredential.swift; sourceTree = "<group>"; };
		A00000000000000000000206 /* EnrollmentStore.swift */ = {isa = PBXFileReference; lastKnownFileType = sourcecode.swift; path = EnrollmentStore.swift; sourceTree = "<group>"; };
		A00000000000000000000207 /* ForegroundSync.swift */ = {isa = PBXFileReference; lastKnownFileType = sourcecode.swift; path = ForegroundSync.swift; sourceTree = "<group>"; };
		A00000000000000000000208 /* HTTPTransport.swift */ = {isa = PBXFileReference; lastKnownFileType = sourcecode.swift; path = HTTPTransport.swift; sourceTree = "<group>"; };
		A00000000000000000000209 /* NativeSession.swift */ = {isa = PBXFileReference; lastKnownFileType = sourcecode.swift; path = NativeSession.swift; sourceTree = "<group>"; };
		A00000000000000000000210 /* SecureStore.swift */ = {isa = PBXFileReference; lastKnownFileType = sourcecode.swift; path = SecureStore.swift; sourceTree = "<group>"; };
		A00000000000000000000211 /* ServerClient.swift */ = {isa = PBXFileReference; lastKnownFileType = sourcecode.swift; path = ServerClient.swift; sourceTree = "<group>"; };
		A00000000000000000000212 /* ServerOrigin.swift */ = {isa = PBXFileReference; lastKnownFileType = sourcecode.swift; path = ServerOrigin.swift; sourceTree = "<group>"; };
		A00000000000000000000213 /* TelephonyEligibility.swift */ = {isa = PBXFileReference; lastKnownFileType = sourcecode.swift; path = TelephonyEligibility.swift; sourceTree = "<group>"; };
		A00000000000000000000013 /* PeppyMobile.app */ = {isa = PBXFileReference; explicitFileType = wrapper.application; includeInIndex = 0; path = PeppyMobile.app; sourceTree = BUILT_PRODUCTS_DIR; };
		A00000000000000000000020 = {isa = PBXGroup; children = (A00000000000000000000021 /* PeppyMobile */, A00000000000000000000023 /* PeppyNative */, A00000000000000000000024 /* Generated */, A00000000000000000000025 /* ContactsHistory */, A00000000000000000000022 /* Products */); sourceTree = "<group>"; };
		A00000000000000000000021 /* PeppyMobile */ = {isa = PBXGroup; children = (A00000000000000000000200 /* PeppyMobileApp.swift */, A00000000000000000000201 /* AppModel.swift */, A00000000000000000000238 /* GoogleHostedSignIn.swift */, A00000000000000000000302 /* HostedEnrollmentView.swift */, A00000000000000000000237 /* Assets.xcassets */, A00000000000000000000218 /* ContactsSettings.swift */, A00000000000000000000224 /* PairingView.swift */, A00000000000000000000303 /* OwnerPairingView.swift */, A00000000000000000000225 /* QRScannerView.swift */, A00000000000000000000226 /* PeppyTokens.swift */, A00000000000000000000232 /* PeppyGlassSurface.swift */, A00000000000000000000228 /* PushWakeDelegate.swift */, A00000000000000000000231 /* Peppy.xcstrings */, A00000000000000000000229 /* PeppyMobile-Debug.entitlements */, A00000000000000000000230 /* PeppyMobile-Release.entitlements */, A00000000000000000000223 /* PeppyMobile-Bridging-Header.h */, A00000000000000000000216 /* Info.plist */); path = PeppyMobile; sourceTree = "<group>"; };
		A00000000000000000000023 /* PeppyNative */ = {isa = PBXGroup; children = (A00000000000000000000203 /* ClientError.swift */, A00000000000000000000239 /* HostedAccountClient.swift */, A00000000000000000000204 /* EnrollmentVerifier.swift */, A00000000000000000000205 /* DeviceCredential.swift */, A00000000000000000000206 /* EnrollmentStore.swift */, A00000000000000000000207 /* ForegroundSync.swift */, A00000000000000000000208 /* HTTPTransport.swift */, A00000000000000000000209 /* NativeSession.swift */, A00000000000000000000210 /* SecureStore.swift */, A00000000000000000000211 /* ServerClient.swift */, A00000000000000000000212 /* ServerOrigin.swift */, A00000000000000000000213 /* TelephonyEligibility.swift */, A00000000000000000000214 /* ContactsAdapter.swift */, A00000000000000000000215 /* ContactsBackground.swift */, A00000000000000000000217 /* NativeContactsCoordinator.swift */, A00000000000000000000219 /* ContactMediaTransfer.swift */, A00000000000000000000220 /* ContactPhotoSource.swift */, A00000000000000000000227 /* RelayWakeClient.swift */, A00000000000000000000233 /* BackgroundWakeCancellation.swift */); path = PeppyNative; sourceTree = "<group>"; };
		A00000000000000000000024 /* Generated */ = {isa = PBXGroup; children = (A00000000000000000000202 /* peppy_mobile_bindings.swift */); path = Generated; sourceTree = "<group>"; };
		A00000000000000000000022 /* Products */ = {isa = PBXGroup; children = (A00000000000000000000013 /* PeppyMobile.app */); name = Products; sourceTree = "<group>"; };
		A00000000000000000000030 /* PeppyMobile */ = {isa = PBXNativeTarget; buildConfigurationList = A00000000000000000000031; buildPhases = (A00000000000000000000032 /* Sources */, A00000000000000000000033 /* Frameworks */, A00000000000000000000034 /* Resources */); buildRules = (); dependencies = (); name = PeppyMobile; packageProductDependencies = (A00000000000000000000300 /* GoogleSignIn */); productName = PeppyMobile; productReference = A00000000000000000000013 /* PeppyMobile.app */; productType = "com.apple.product-type.application"; };
		A00000000000000000000032 /* Sources */ = {isa = PBXSourcesBuildPhase; buildActionMask = 2147483647; files = (A00000000000000000000100 /* PeppyMobileApp.swift in Sources */, A00000000000000000000101 /* AppModel.swift in Sources */, A00000000000000000000134 /* GoogleHostedSignIn.swift in Sources */, A00000000000000000000137 /* HostedEnrollmentView.swift in Sources */, A00000000000000000000102 /* peppy_mobile_bindings.swift in Sources */, A00000000000000000000103 /* ClientError.swift in Sources */, A00000000000000000000135 /* HostedAccountClient.swift in Sources */, A00000000000000000000104 /* EnrollmentVerifier.swift in Sources */, A00000000000000000000105 /* DeviceCredential.swift in Sources */, A00000000000000000000106 /* EnrollmentStore.swift in Sources */, A00000000000000000000107 /* ForegroundSync.swift in Sources */, A00000000000000000000108 /* HTTPTransport.swift in Sources */, A00000000000000000000109 /* NativeSession.swift in Sources */, A00000000000000000000110 /* SecureStore.swift in Sources */, A00000000000000000000111 /* ServerClient.swift in Sources */, A00000000000000000000112 /* ServerOrigin.swift in Sources */, A00000000000000000000113 /* TelephonyEligibility.swift in Sources */, A00000000000000000000114 /* ContactsAdapter.swift in Sources */, A00000000000000000000115 /* ContactsBackground.swift in Sources */, A00000000000000000000117 /* NativeContactsCoordinator.swift in Sources */, A00000000000000000000118 /* ContactsSettings.swift in Sources */, A00000000000000000000119 /* ContactMediaTransfer.swift in Sources */, A00000000000000000000120 /* ContactPhotoSource.swift in Sources */, A00000000000000000000121 /* PeppyContactsHistory.m in Sources */, A00000000000000000000122 /* PairingView.swift in Sources */, A00000000000000000000140 /* OwnerPairingView.swift in Sources */, A00000000000000000000123 /* QRScannerView.swift in Sources */, A00000000000000000000124 /* PeppyTokens.swift in Sources */, A00000000000000000000125 /* RelayWakeClient.swift in Sources */, A00000000000000000000126 /* PushWakeDelegate.swift in Sources */, A00000000000000000000128 /* PeppyGlassSurface.swift in Sources */, A00000000000000000000129 /* BackgroundWakeCancellation.swift in Sources */); runOnlyForDeploymentPostprocessing = 0; };
		A00000000000000000000033 /* Frameworks */ = {isa = PBXFrameworksBuildPhase; buildActionMask = 2147483647; files = (A00000000000000000000136 /* GoogleSignIn in Frameworks */); runOnlyForDeploymentPostprocessing = 0; };
		A00000000000000000000034 /* Resources */ = {isa = PBXResourcesBuildPhase; buildActionMask = 2147483647; files = (A00000000000000000000127 /* Peppy.xcstrings in Resources */, A00000000000000000000133 /* Assets.xcassets in Resources */); runOnlyForDeploymentPostprocessing = 0; };
		A00000000000000000000031 = {isa = XCConfigurationList; buildConfigurations = (A00000000000000000000041, A00000000000000000000042); defaultConfigurationIsVisible = 0; defaultConfigurationName = Release; };
		A00000000000000000000040 = {isa = XCConfigurationList; buildConfigurations = (A00000000000000000000043, A00000000000000000000044); defaultConfigurationIsVisible = 0; defaultConfigurationName = Release; };
		A00000000000000000000041 = {isa = XCBuildConfiguration; buildSettings = {ASSETCATALOG_COMPILER_APPICON_NAME = AppIcon; CODE_SIGN_ENTITLEMENTS = "PeppyMobile/PeppyMobile-Debug.entitlements"; CODE_SIGN_STYLE = Automatic; CURRENT_PROJECT_VERSION = 1; GENERATE_INFOPLIST_FILE = YES; INFOPLIST_FILE = "$(SRCROOT)/PeppyMobile/Info.plist"; INFOPLIST_KEY_NSContactsUsageDescription = "Peppy syncs contacts you choose to share with your Peppy server."; INFOPLIST_KEY_UIBackgroundModes = "fetch processing remote-notification"; INFOPLIST_KEY_BGTaskSchedulerPermittedIdentifiers = "dev.peppy.mobile.contacts-refresh dev.peppy.mobile.contacts-processing"; INFOPLIST_KEY_UIApplicationSceneManifest_Generation = YES; INFOPLIST_KEY_UILaunchScreen_Generation = YES; IPHONEOS_DEPLOYMENT_TARGET = 26.0; MARKETING_VERSION = 0.1; PRODUCT_BUNDLE_IDENTIFIER = dev.peppy.mobile; PRODUCT_NAME = "$(TARGET_NAME)"; SDKROOT = iphoneos; SUPPORTED_PLATFORMS = "iphoneos iphonesimulator"; SWIFT_VERSION = 6.0; TARGETED_DEVICE_FAMILY = 1; SWIFT_INCLUDE_PATHS = "$(SRCROOT)/Generated"; HEADER_SEARCH_PATHS = "$(SRCROOT)/ContactsHistory/include"; SWIFT_OBJC_BRIDGING_HEADER = "PeppyMobile/PeppyMobile-Bridging-Header.h"; OTHER_LDFLAGS = "-lpeppy_mobile_bindings"; "LIBRARY_SEARCH_PATHS[sdk=iphoneos*]" = "$(SRCROOT)/../../target/aarch64-apple-ios/debug"; "LIBRARY_SEARCH_PATHS[sdk=iphonesimulator*]" = "$(SRCROOT)/../../target/aarch64-apple-ios-sim/debug"; SWIFT_ACTIVE_COMPILATION_CONDITIONS = DEBUG;}; name = Debug; };
		A00000000000000000000042 = {isa = XCBuildConfiguration; buildSettings = {ASSETCATALOG_COMPILER_APPICON_NAME = AppIcon; CODE_SIGN_ENTITLEMENTS = "PeppyMobile/PeppyMobile-Release.entitlements"; CODE_SIGN_STYLE = Automatic; CURRENT_PROJECT_VERSION = 1; GENERATE_INFOPLIST_FILE = YES; INFOPLIST_FILE = "$(SRCROOT)/PeppyMobile/Info.plist"; INFOPLIST_KEY_NSContactsUsageDescription = "Peppy syncs contacts you choose to share with your Peppy server."; INFOPLIST_KEY_UIBackgroundModes = "fetch processing remote-notification"; INFOPLIST_KEY_BGTaskSchedulerPermittedIdentifiers = "dev.peppy.mobile.contacts-refresh dev.peppy.mobile.contacts-processing"; INFOPLIST_KEY_UIApplicationSceneManifest_Generation = YES; INFOPLIST_KEY_UILaunchScreen_Generation = YES; IPHONEOS_DEPLOYMENT_TARGET = 26.0; MARKETING_VERSION = 0.1; PRODUCT_BUNDLE_IDENTIFIER = dev.peppy.mobile; PRODUCT_NAME = "$(TARGET_NAME)"; SDKROOT = iphoneos; SUPPORTED_PLATFORMS = "iphoneos iphonesimulator"; SWIFT_VERSION = 6.0; TARGETED_DEVICE_FAMILY = 1; SWIFT_INCLUDE_PATHS = "$(SRCROOT)/Generated"; HEADER_SEARCH_PATHS = "$(SRCROOT)/ContactsHistory/include"; SWIFT_OBJC_BRIDGING_HEADER = "PeppyMobile/PeppyMobile-Bridging-Header.h"; OTHER_LDFLAGS = "-lpeppy_mobile_bindings"; "LIBRARY_SEARCH_PATHS[sdk=iphoneos*]" = "$(SRCROOT)/../../target/aarch64-apple-ios/release"; "LIBRARY_SEARCH_PATHS[sdk=iphonesimulator*]" = "$(SRCROOT)/../../target/aarch64-apple-ios-sim/release";}; name = Release; };
		A00000000000000000000043 = {isa = XCBuildConfiguration; buildSettings = {}; name = Debug; };
		A00000000000000000000044 = {isa = XCBuildConfiguration; buildSettings = {}; name = Release; };
		A00000000000000000000050 /* Project object */ = {isa = PBXProject; attributes = {LastUpgradeCheck = 2600;}; buildConfigurationList = A00000000000000000000040; packageReferences = (A00000000000000000000301 /* XCRemoteSwiftPackageReference "GoogleSignIn-iOS" */); compatibilityVersion = "Xcode 16.0"; developmentRegion = en; hasScannedForEncodings = 0; knownRegions = (en, Base); mainGroup = A00000000000000000000020; productRefGroup = A00000000000000000000022 /* Products */; projectDirPath = ""; projectRoot = ""; targets = (A00000000000000000000030 /* PeppyMobile */); };
	};
	rootObject = A00000000000000000000050 /* Project object */;
}
